
Microsoft Visual Studio Solution File, Format Version 12.00
# Visual Studio Version 16
VisualStudioVersion = 16.0.31005.135
MinimumVisualStudioVersion = 10.0.40219.1
Project("{9A19103F-16F7-4668-BE54-9A1E7A4F7556}") = "Library.File", "Library.File\Library.File.csproj", "{1934D25D-FF32-4BF1-B54F-0809B21509D7}"
EndProject
Project("{9A19103F-16F7-4668-BE54-9A1E7A4F7556}") = "ConsoleApp", "ConsoleApp\ConsoleApp.csproj", "{2E6E35E5-F1C9-4C06-884E-BBAEF1DAB909}"
EndProject
Project("{9A19103F-16F7-4668-BE54-9A1E7A4F7556}") = "UnitTests", "UnitTests\UnitTests.csproj", "{DD427700-94B6-486E-BB2B-B937B9A1ECE3}"
EndProject
Global
	GlobalSection(SolutionConfigurationPlatforms) = preSolution
		Debug|Any CPU = Debug|Any CPU
		Release|Any CPU = Release|Any CPU
	EndGlobalSection
	GlobalSection(ProjectConfigurationPlatforms) = postSolution
		{1934D25D-FF32-4BF1-B54F-0809B21509D7}.Debug|Any CPU.ActiveCfg = Debug|Any CPU
		{1934D25D-FF32-4BF1-B54F-0809B21509D7}.Debug|Any CPU.Build.0 = Debug|Any CPU
		{1934D25D-FF32-4BF1-B54F-0809B21509D7}.Release|Any CPU.ActiveCfg = Release|Any CPU
		{1934D25D-FF32-4BF1-B54F-0809B21509D7}.Release|Any CPU.Build.0 = Release|Any CPU
		{2E6E35E5-F1C9-4C06-884E-BBAEF1DAB909}.Debug|Any CPU.ActiveCfg = Debug|Any CPU
		{2E6E35E5-F1C9-4C06-884E-BBAEF1DAB909}.Debug|Any CPU.Build.0 = Debug|Any CPU
		{2E6E35E5-F1C9-4C06-884E-BBAEF1DAB909}.Release|Any CPU.ActiveCfg = Release|Any CPU
		{2E6E35E5-F1C9-4C06-884E-BBAEF1DAB909}.Release|Any CPU.Build.0 = Release|Any CPU
		{DD427700-94B6-486E-BB2B-B937B9A1ECE3}.Debug|Any CPU.ActiveCfg = Debug|Any CPU
		{DD427700-94B6-486E-BB2B-B937B9A1ECE3}.Debug|Any CPU.Build.0 = Debug|Any CPU
		{DD427700-94B6-486E-BB2B-B937B9A1ECE3}.Release|Any CPU.ActiveCfg = Release|Any CPU
		{DD427700-94B6-486E-BB2B-B937B9A1ECE3}.Release|Any CPU.Build.0 = Release|Any CPU
	EndGlobalSection
	GlobalSection(SolutionProperties) = preSolution
		HideSolutionNode = FALSE
	EndGlobalSection
	GlobalSection(ExtensibilityGlobals) = postSolution
		SolutionGuid = {BAC84DD2-DA53-44B8-B3FA-3B6F0F5F6060}
	EndGlobalSection
EndGlobal
